
Microsoft Visual Studio Solution File, Format Version 12.00
# Visual Studio Version 16
VisualStudioVersion = 16.0.29215.179
MinimumVisualStudioVersion = 10.0.40219.1
Project("{9A19103F-16F7-4668-BE54-9A1E7A4F7556}") = "TFSOnPremise", "TFSOnPremise\TFSOnPremise.csproj", "{9A7BF928-A179-4FF9-A5DF-5E91B55F4916}"
EndProject
Project("{9A19103F-16F7-4668-BE54-9A1E7A4F7556}") = "TFS Test", "TFS Test\TFS Test.csproj", "{E4F83703-B888-446E-990F-3CEAF2643576}"
EndProject
Project("{FAE04EC0-301F-11D3-BF4B-00C04F79EFBC}") = "TFS Web Hooks", "TFS Web Hooks\TFS Web Hooks.csproj", "{1FA5CBA8-D321-4B27-AE86-8410D44165AA}"
EndProject
Global
	GlobalSection(SolutionConfigurationPlatforms) = preSolution
		Debug|Any CPU = Debug|Any CPU
		Release|Any CPU = Release|Any CPU
	EndGlobalSection
	GlobalSection(ProjectConfigurationPlatforms) = postSolution
		{9A7BF928-A179-4FF9-A5DF-5E91B55F4916}.Debug|Any CPU.ActiveCfg = Debug|Any CPU
		{9A7BF928-A179-4FF9-A5DF-5E91B55F4916}.Debug|Any CPU.Build.0 = Debug|Any CPU
		{9A7BF928-A179-4FF9-A5DF-5E91B55F4916}.Release|Any CPU.ActiveCfg = Release|Any CPU
		{9A7BF928-A179-4FF9-A5DF-5E91B55F4916}.Release|Any CPU.Build.0 = Release|Any CPU
		{E4F83703-B888-446E-990F-3CEAF2643576}.Debug|Any CPU.ActiveCfg = Debug|Any CPU
		{E4F83703-B888-446E-990F-3CEAF2643576}.Debug|Any CPU.Build.0 = Debug|Any CPU
		{E4F83703-B888-446E-990F-3CEAF2643576}.Release|Any CPU.ActiveCfg = Release|Any CPU
		{E4F83703-B888-446E-990F-3CEAF2643576}.Release|Any CPU.Build.0 = Release|Any CPU
		{1FA5CBA8-D321-4B27-AE86-8410D44165AA}.Debug|Any CPU.ActiveCfg = Debug|Any CPU
		{1FA5CBA8-D321-4B27-AE86-8410D44165AA}.Debug|Any CPU.Build.0 = Debug|Any CPU
		{1FA5CBA8-D321-4B27-AE86-8410D44165AA}.Release|Any CPU.ActiveCfg = Release|Any CPU
		{1FA5CBA8-D321-4B27-AE86-8410D44165AA}.Release|Any CPU.Build.0 = Release|Any CPU
	EndGlobalSection
	GlobalSection(SolutionProperties) = preSolution
		HideSolutionNode = FALSE
	EndGlobalSection
	GlobalSection(ExtensibilityGlobals) = postSolution
		SolutionGuid = {489397A0-55A4-44AE-8896-0D8DB0D052B7}
	EndGlobalSection
EndGlobal
